// !$*UTF8*$!
{
	archiveVersion = 1;
	classes = {
	};
	objectVersion = 50;
	objects = {

/* Begin PBXBuildFile section */
		19799E0C2233E95700EC4569 /* AppDelegate.swift in Sources */ = {isa = PBXBuildFile; fileRef = 19799E0B2233E95700EC4569 /* AppDelegate.swift */; };
		19799E0E2233E95700EC4569 /* ProfileViewController.swift in Sources */ = {isa = PBXBuildFile; fileRef = 19799E0D2233E95700EC4569 /* ProfileViewController.swift */; };
		19799E112233E95700EC4569 /* Main.storyboard in Resources */ = {isa = PBXBuildFile; fileRef = 19799E0F2233E95700EC4569 /* Main.storyboard */; };
		19799E132233E95900EC4569 /* Assets.xcassets in Resources */ = {isa = PBXBuildFile; fileRef = 19799E122233E95900EC4569 /* Assets.xcassets */; };
		19799E162233E95900EC4569 /* LaunchScreen.storyboard in Resources */ = {isa = PBXBuildFile; fileRef = 19799E142233E95900EC4569 /* LaunchScreen.storyboard */; };
		19799E1E2233FCF900EC4569 /* CropViewController.swift in Sources */ = {isa = PBXBuildFile; fileRef = 19799E1D2233FCF900EC4569 /* CropViewController.swift */; };
		19799E202237144600EC4569 /* UIView+Extentions.swift in Sources */ = {isa = PBXBuildFile; fileRef = 19799E1F2237144600EC4569 /* UIView+Extentions.swift */; };
/* End PBXBuildFile section */

/* Begin PBXFileReference section */
		19799E082233E95700EC4569 /* ImageCropping.app */ = {isa = PBXFileReference; explicitFileType = wrapper.application; includeInIndex = 0; path = ImageCropping.app; sourceTree = BUILT_PRODUCTS_DIR; };
		19799E0B2233E95700EC4569 /* AppDelegate.swift */ = {isa = PBXFileReference; lastKnownFileType = sourcecode.swift; path = AppDelegate.swift; sourceTree = "<group>"; };
		19799E0D2233E95700EC4569 /* ProfileViewController.swift */ = {isa = PBXFileReference; lastKnownFileType = sourcecode.swift; path = ProfileViewController.swift; sourceTree = "<group>"; };
		19799E102233E95700EC4569 /* Base */ = {isa = PBXFileReference; lastKnownFileType = file.storyboard; name = Base; path = Base.lproj/Main.storyboard; sourceTree = "<group>"; };
		19799E122233E95900EC4569 /* Assets.xcassets */ = {isa = PBXFileReference; lastKnownFileType = folder.assetcatalog; path = Assets.xcassets; sourceTree = "<group>"; };
		19799E152233E95900EC4569 /* Base */ = {isa = PBXFileReference; lastKnownFileType = file.storyboard; name = Base; path = Base.lproj/LaunchScreen.storyboard; sourceTree = "<group>"; };
		19799E172233E95900EC4569 /* Info.plist */ = {isa = PBXFileReference; lastKnownFileType = text.plist.xml; path = Info.plist; sourceTree = "<group>"; };
		19799E1D2233FCF900EC4569 /* CropViewController.swift */ = {isa = PBXFileReference; lastKnownFileType = sourcecode.swift; path = CropViewController.swift; sourceTree = "<group>"; };
		19799E1F2237144600EC4569 /* UIView+Extentions.swift */ = {isa = PBXFileReference; lastKnownFileType = sourcecode.swift; path = "UIView+Extentions.swift"; sourceTree = "<group>"; };
/* End PBXFileReference section */

/* Begin PBXFrameworksBuildPhase section */
		19799E052233E95700EC4569 /* Frameworks */ = {
			isa = PBXFrameworksBuildPhase;
			buildActionMask = 2147483647;
			files = (
			);
			runOnlyForDeploymentPostprocessing = 0;
		};
/* End PBXFrameworksBuildPhase section */

/* Begin PBXGroup section */
		19799DFF2233E95700EC4569 = {
			isa = PBXGroup;
			children = (
				19799E0A2233E95700EC4569 /* ImageCropping */,
				19799E092233E95700EC4569 /* Products */,
			);
			sourceTree = "<group>";
		};
		19799E092233E95700EC4569 /* Products */ = {
			isa = PBXGroup;
			children = (
				19799E082233E95700EC4569 /* ImageCropping.app */,
			);
			name = Products;
			sourceTree = "<group>";
		};
		19799E0A2233E95700EC4569 /* ImageCropping */ = {
			isa = PBXGroup;
			children = (
				19799E0B2233E95700EC4569 /* AppDelegate.swift */,
				19799E0D2233E95700EC4569 /* ProfileViewController.swift */,
				19799E1D2233FCF900EC4569 /* CropViewController.swift */,
				19799E0F2233E95700EC4569 /* Main.storyboard */,
				19799E122233E95900EC4569 /* Assets.xcassets */,
				19799E142233E95900EC4569 /* LaunchScreen.storyboard */,
				19799E172233E95900EC4569 /* Info.plist */,
				19799E1F2237144600EC4569 /* UIView+Extentions.swift */,
			);
			path = ImageCropping;
			sourceTree = "<group>";
		};
/* End PBXGroup section */

/* Begin PBXNativeTarget section */
		19799E072233E95700EC4569 /* ImageCropping */ = {
			isa = PBXNativeTarget;
			buildConfigurationList = 19799E1A2233E95900EC4569 /* Build configuration list for PBXNativeTarget "ImageCropping" */;
			buildPhases = (
				19799E042233E95700EC4569 /* Sources */,
				19799E052233E95700EC4569 /* Frameworks */,
				19799E062233E95700EC4569 /* Resources */,
			);
			buildRules = (
			);
			dependencies = (
			);
			name = ImageCropping;
			productName = ImageEditor;
			productReference = 19799E082233E95700EC4569 /* ImageCropping.app */;
			productType = "com.apple.product-type.application";
		};
/* End PBXNativeTarget section */

/* Begin PBXProject section */
		19799E002233E95700EC4569 /* Project object */ = {
			isa = PBXProject;
			attributes = {
				LastSwiftUpdateCheck = 1010;
				LastUpgradeCheck = 1010;
				ORGANIZATIONNAME = arisPanagiotopoulos;
				TargetAttributes = {
					19799E072233E95700EC4569 = {
						CreatedOnToolsVersion = 10.1;
					};
				};
			};
			buildConfigurationList = 19799E032233E95700EC4569 /* Build configuration list for PBXProject "ImageCropping" */;
			compatibilityVersion = "Xcode 9.3";
			developmentRegion = en;
			hasScannedForEncodings = 0;
			knownRegions = (
				en,
				Base,
			);
			mainGroup = 19799DFF2233E95700EC4569;
			productRefGroup = 19799E092233E95700EC4569 /* Products */;
			projectDirPath = "";
			projectRoot = "";
			targets = (
				19799E072233E95700EC4569 /* ImageCropping */,
			);
		};
/* End PBXProject section */

/* Begin PBXResourcesBuildPhase section */
		19799E062233E95700EC4569 /* Resources */ = {
			isa = PBXResourcesBuildPhase;
			buildActionMask = 2147483647;
			files = (
				19799E162233E95900EC4569 /* LaunchScreen.storyboard in Resources */,
				19799E132233E95900EC4569 /* Assets.xcassets in Resources */,
				19799E112233E95700EC4569 /* Main.storyboard in Resources */,
			);
			runOnlyForDeploymentPostprocessing = 0;
		};
/* End PBXResourcesBuildPhase section */

/* Begin PBXSourcesBuildPhase section */
		19799E042233E95700EC4569 /* Sources */ = {
			isa = PBXSourcesBuildPhase;
			buildActionMask = 2147483647;
			files = (
				19799E0E2233E95700EC4569 /* ProfileViewController.swift in Sources */,
				19799E0C2233E95700EC4569 /* AppDelegate.swift in Sources */,
				19799E1E2233FCF900EC4569 /* CropViewController.swift in Sources */,
				19799E202237144600EC4569 /* UIView+Extentions.swift in Sources */,
			);
			runOnlyForDeploymentPostprocessing = 0;
		};
/* End PBXSourcesBuildPhase section */

/* Begin PBXVariantGroup section */
		19799E0F2233E95700EC4569 /* Main.storyboard */ = {
			isa = PBXVariantGroup;
			children = (
				19799E102233E95700EC4569 /* Base */,
			);
			name = Main.storyboard;
			sourceTree = "<group>";
		};
		19799E142233E95900EC4569 /* LaunchScreen.storyboard */ = {
			isa = PBXVariantGroup;
			children = (
				19799E152233E95900EC4569 /* Base */,
			);
			name = LaunchScreen.storyboard;
			sourceTree = "<group>";
		};
/* End PBXVariantGroup section */

/* Begin XCBuildConfiguration section */
		19799E182233E95900EC4569 /* Debug */ = {
			isa = XCBuildConfiguration;
			buildSettings = {
				ALWAYS_SEARCH_USER_PATHS = NO;
				CLANG_ANALYZER_NONNULL = YES;
				CLANG_ANALYZER_NUMBER_OBJECT_CONVERSION = YES_AGGRESSIVE;
				CLANG_CXX_LANGUAGE_STANDARD = "gnu++14";
				CLANG_CXX_LIBRARY = "libc++";
				CLANG_ENABLE_MODULES = YES;
				CLANG_ENABLE_OBJC_ARC = YES;
				CLANG_ENABLE_OBJC_WEAK = YES;
				CLANG_WARN_BLOCK_CAPTURE_AUTORELEASING = YES;
				CLANG_WARN_BOOL_CONVERSION = YES;
				CLANG_WARN_COMMA = YES;
				CLANG_WARN_CONSTANT_CONVERSION = YES;
				CLANG_WARN_DEPRECATED_OBJC_IMPLEMENTATIONS = YES;
				CLANG_WARN_DIRECT_OBJC_ISA_USAGE = YES_ERROR;
				CLANG_WARN_DOCUMENTATION_COMMENTS = YES;
				CLANG_WARN_EMPTY_BODY = YES;
				CLANG_WARN_ENUM_CONVERSION = YES;
				CLANG_WARN_INFINITE_RECURSION = YES;
				CLANG_WARN_INT_CONVERSION = YES;
				CLANG_WARN_NON_LITERAL_NULL_CONVERSION = YES;
				CLANG_WARN_OBJC_IMPLICIT_RETAIN_SELF = YES;
				CLANG_WARN_OBJC_LITERAL_CONVERSION = YES;
				CLANG_WARN_OBJC_ROOT_CLASS = YES_ERROR;
				CLANG_WARN_RANGE_LOOP_ANALYSIS = YES;
				CLANG_WARN_STRICT_PROTOTYPES = YES;
				CLANG_WARN_SUSPICIOUS_MOVE = YES;
				CLANG_WARN_UNGUARDED_AVAILABILITY = YES_AGGRESSIVE;
				CLANG_WARN_UNREACHABLE_CODE = YES;
				CLANG_WARN__DUPLICATE_METHOD_MATCH = YES;
				CODE_SIGN_IDENTITY = "iPhone Developer";
				COPY_PHASE_STRIP = NO;
				DEBUG_INFORMATION_FORMAT = dwarf;
				ENABLE_STRICT_OBJC_MSGSEND = YES;
				ENABLE_TESTABILITY = YES;
				GCC_C_LANGUAGE_STANDARD = gnu11;
				GCC_DYNAMIC_NO_PIC = NO;
				GCC_NO_COMMON_BLOCKS = YES;
				GCC_OPTIMIZATION_LEVEL = 0;
				GCC_PREPROCESSOR_DEFINITIONS = (
					"DEBUG=1",
					"$(inherited)",
				);
				GCC_WARN_64_TO_32_BIT_CONVERSION = YES;
				GCC_WARN_ABOUT_RETURN_TYPE = YES_ERROR;
				GCC_WARN_UNDECLARED_SELECTOR = YES;
				GCC_WARN_UNINITIALIZED_AUTOS = YES_AGGRESSIVE;
				GCC_WARN_UNUSED_FUNCTION = YES;
				GCC_WARN_UNUSED_VARIABLE = YES;
				IPHONEOS_DEPLOYMENT_TARGET = 12.1;
				MTL_ENABLE_DEBUG_INFO = INCLUDE_SOURCE;
				MTL_FAST_MATH = YES;
				ONLY_ACTIVE_ARCH = YES;
				SDKROOT = iphoneos;
				SWIFT_ACTIVE_COMPILATION_CONDITIONS = DEBUG;
				SWIFT_OPTIMIZATION_LEVEL = "-Onone";
			};
			name = Debug;
		};
		19799E192233E95900EC4569 /* Release */ = {
			isa = XCBuildConfiguration;
			buildSettings = {
				ALWAYS_SEARCH_USER_PATHS = NO;
				CLANG_ANALYZER_NONNULL = YES;
				CLANG_ANALYZER_NUMBER_OBJECT_CONVERSION = YES_AGGRESSIVE;
				CLANG_CXX_LANGUAGE_STANDARD = "gnu++14";
				CLANG_CXX_LIBRARY = "libc++";
				CLANG_ENABLE_MODULES = YES;
				CLANG_ENABLE_OBJC_ARC = YES;
				CLANG_ENABLE_OBJC_WEAK = YES;
				CLANG_WARN_BLOCK_CAPTURE_AUTORELEASING = YES;
				CLANG_WARN_BOOL_CONVERSION = YES;
				CLANG_WARN_COMMA = YES;
				CLANG_WARN_CONSTANT_CONVERSION = YES;
				CLANG_WARN_DEPRECATED_OBJC_IMPLEMENTATIONS = YES;
				CLANG_WARN_DIRECT_OBJC_ISA_USAGE = YES_ERROR;
				CLANG_WARN_DOCUMENTATION_COMMENTS = YES;
				CLANG_WARN_EMPTY_BODY = YES;
				CLANG_WARN_ENUM_CONVERSION = YES;
				CLANG_WARN_INFINITE_RECURSION = YES;
				CLANG_WARN_INT_CONVERSION = YES;
				CLANG_WARN_NON_LITERAL_NULL_CONVERSION = YES;
				CLANG_WARN_OBJC_IMPLICIT_RETAIN_SELF = YES;
				CLANG_WARN_OBJC_LITERAL_CONVERSION = YES;
				CLANG_WARN_OBJC_ROOT_CLASS = YES_ERROR;
				CLANG_WARN_RANGE_LOOP_ANALYSIS = YES;
				CLANG_WARN_STRICT_PROTOTYPES = YES;
				CLANG_WARN_SUSPICIOUS_MOVE = YES;
				CLANG_WARN_UNGUARDED_AVAILABILITY = YES_AGGRESSIVE;
				CLANG_WARN_UNREACHABLE_CODE = YES;
				CLANG_WARN__DUPLICATE_METHOD_MATCH = YES;
				CODE_SIGN_IDENTITY = "iPhone Developer";
				COPY_PHASE_STRIP = NO;
				DEBUG_INFORMATION_FORMAT = "dwarf-with-dsym";
				ENABLE_NS_ASSERTIONS = NO;
				ENABLE_STRICT_OBJC_MSGSEND = YES;
				GCC_C_LANGUAGE_STANDARD = gnu11;
				GCC_NO_COMMON_BLOCKS = YES;
				GCC_WARN_64_TO_32_BIT_CONVERSION = YES;
				GCC_WARN_ABOUT_RETURN_TYPE = YES_ERROR;
				GCC_WARN_UNDECLARED_SELECTOR = YES;
				GCC_WARN_UNINITIALIZED_AUTOS = YES_AGGRESSIVE;
				GCC_WARN_UNUSED_FUNCTION = YES;
				GCC_WARN_UNUSED_VARIABLE = YES;
				IPHONEOS_DEPLOYMENT_TARGET = 12.1;
				MTL_ENABLE_DEBUG_INFO = NO;
				MTL_FAST_MATH = YES;
				SDKROOT = iphoneos;
				SWIFT_COMPILATION_MODE = wholemodule;
				SWIFT_OPTIMIZATION_LEVEL = "-O";
				VALIDATE_PRODUCT = YES;
			};
			name = Release;
		};
		19799E1B2233E95900EC4569 /* Debug */ = {
			isa = XCBuildConfiguration;
			buildSettings = {
				ASSETCATALOG_COMPILER_APPICON_NAME = AppIcon;
				CODE_SIGN_STYLE = Automatic;
				DEVELOPMENT_TEAM = L32F2TJPQ4;
				INFOPLIST_FILE = ImageCropping/Info.plist;
				LD_RUNPATH_SEARCH_PATHS = (
					"$(inherited)",
					"@executable_path/Frameworks",
				);
				PRODUCT_BUNDLE_IDENTIFIER = aris.panagiotopoulos.ImageCropping;
				PRODUCT_NAME = "$(TARGET_NAME)";
				SWIFT_VERSION = 4.2;
				TARGETED_DEVICE_FAMILY = "1,2";
			};
			name = Debug;
		};
		19799E1C2233E95900EC4569 /* Release */ = {
			isa = XCBuildConfiguration;
			buildSettings = {
				ASSETCATALOG_COMPILER_APPICON_NAME = AppIcon;
				CODE_SIGN_STYLE = Automatic;
				DEVELOPMENT_TEAM = L32F2TJPQ4;
				INFOPLIST_FILE = ImageCropping/Info.plist;
				LD_RUNPATH_SEARCH_PATHS = (
					"$(inherited)",
					"@executable_path/Frameworks",
				);
				PRODUCT_BUNDLE_IDENTIFIER = aris.panagiotopoulos.ImageCropping;
				PRODUCT_NAME = "$(TARGET_NAME)";
				SWIFT_VERSION = 4.2;
				TARGETED_DEVICE_FAMILY = "1,2";
			};
			name = Release;
		};
/* End XCBuildConfiguration section */

/* Begin XCConfigurationList section */
		19799E032233E95700EC4569 /* Build configuration list for PBXProject "ImageCropping" */ = {
			isa = XCConfigurationList;
			buildConfigurations = (
				19799E182233E95900EC4569 /* Debug */,
				19799E192233E95900EC4569 /* Release */,
			);
			defaultConfigurationIsVisible = 0;
			defaultConfigurationName = Release;
		};
		19799E1A2233E95900EC4569 /* Build configuration list for PBXNativeTarget "ImageCropping" */ = {
			isa = XCConfigurationList;
			buildConfigurations = (
				19799E1B2233E95900EC4569 /* Debug */,
				19799E1C2233E95900EC4569 /* Release */,
			);
			defaultConfigurationIsVisible = 0;
			defaultConfigurationName = Release;
		};
/* End XCConfigurationList section */
	};
	rootObject = 19799E002233E95700EC4569 /* Project object */;
}
